// !$*UTF8*$!
{
	archiveVersion = 1;
	classes = {
	};
	objectVersion = 48;
	objects = {

/* Begin PBXBuildFile section */
		1798BE5CF61FDC04CA194644 /* Pods_Daydream.framework in Frameworks */ = {isa = PBXBuildFile; fileRef = 35BB11CB5A171934921E51F1 /* Pods_Daydream.framework */; };
		9409090A205F4613002A65EF /* MapViewController.swift in Sources */ = {isa = PBXBuildFile; fileRef = 94090909205F4613002A65EF /* MapViewController.swift */; };
		94380AC8203BAE1D00684863 /* AppDelegate.swift in Sources */ = {isa = PBXBuildFile; fileRef = 94380AC7203BAE1D00684863 /* AppDelegate.swift */; };
		94380ACA203BAE1D00684863 /* SearchViewController.swift in Sources */ = {isa = PBXBuildFile; fileRef = 94380AC9203BAE1D00684863 /* SearchViewController.swift */; };
		94380ACD203BAE1D00684863 /* Main.storyboard in Resources */ = {isa = PBXBuildFile; fileRef = 94380ACB203BAE1D00684863 /* Main.storyboard */; };
		94380ACF203BAE1D00684863 /* Assets.xcassets in Resources */ = {isa = PBXBuildFile; fileRef = 94380ACE203BAE1D00684863 /* Assets.xcassets */; };
		94380AD2203BAE1D00684863 /* LaunchScreen.storyboard in Resources */ = {isa = PBXBuildFile; fileRef = 94380AD0203BAE1D00684863 /* LaunchScreen.storyboard */; };
		94673BAC225075AA00EC04FD /* DesignableView.swift in Sources */ = {isa = PBXBuildFile; fileRef = 94673BAB225075AA00EC04FD /* DesignableView.swift */; };
		947EC6522043F28F004A911D /* Extensions.swift in Sources */ = {isa = PBXBuildFile; fileRef = 947EC6512043F28F004A911D /* Extensions.swift */; };
		947EC6542043F5B2004A911D /* Color.swift in Sources */ = {isa = PBXBuildFile; fileRef = 947EC6532043F5B2004A911D /* Color.swift */; };
		947EC656204667EB004A911D /* MapCardCell.swift in Sources */ = {isa = PBXBuildFile; fileRef = 947EC655204667EB004A911D /* MapCardCell.swift */; };
		947EC658204673BF004A911D /* ShadowView.swift in Sources */ = {isa = PBXBuildFile; fileRef = 947EC657204673BF004A911D /* ShadowView.swift */; };
		9481EC5A204B358C00863A5A /* SightsCardCell.swift in Sources */ = {isa = PBXBuildFile; fileRef = 9481EC59204B358C00863A5A /* SightsCardCell.swift */; };
		9490BA02206AF6F700B880E7 /* randomCitiesJSON.json in Resources */ = {isa = PBXBuildFile; fileRef = 9490BA01206AF6F700B880E7 /* randomCitiesJSON.json */; };
		9490BA04206B03B300B880E7 /* Protocols.swift in Sources */ = {isa = PBXBuildFile; fileRef = 9490BA03206B03B300B880E7 /* Protocols.swift */; };
		9490BA18206CAA8300B880E7 /* Place.swift in Sources */ = {isa = PBXBuildFile; fileRef = 9490BA17206CAA8300B880E7 /* Place.swift */; };
		949630BA203BCBBD007139CA /* SearchDetailViewController.swift in Sources */ = {isa = PBXBuildFile; fileRef = 949630B9203BCBBD007139CA /* SearchDetailViewController.swift */; };
		94A7B7DB20780D39003E28A8 /* Review.swift in Sources */ = {isa = PBXBuildFile; fileRef = 94A7B7DA20780D39003E28A8 /* Review.swift */; };
		94AE9B852094DAF500450399 /* LoadingViewController.swift in Sources */ = {isa = PBXBuildFile; fileRef = 94AE9B842094DAF500450399 /* LoadingViewController.swift */; };
		94B7DB57205DEE980040D61C /* Viewport.swift in Sources */ = {isa = PBXBuildFile; fileRef = 94B7DB56205DEE980040D61C /* Viewport.swift */; };
		94B7DB59205E06080040D61C /* Eatery.swift in Sources */ = {isa = PBXBuildFile; fileRef = 94B7DB58205E06080040D61C /* Eatery.swift */; };
		94B7DB5D205EEBBB0040D61C /* NetworkService.swift in Sources */ = {isa = PBXBuildFile; fileRef = 94B7DB5C205EEBBB0040D61C /* NetworkService.swift */; };
		94B8CEB3207DC31D00CA8101 /* SearchDetailDataSource.swift in Sources */ = {isa = PBXBuildFile; fileRef = 94B8CEB2207DC31D00CA8101 /* SearchDetailDataSource.swift */; };
		94C9385022500D31005E0653 /* UIDevice+Helpers.swift in Sources */ = {isa = PBXBuildFile; fileRef = 94C9384F22500D31005E0653 /* UIDevice+Helpers.swift */; };
		94DB8FE7204B946200FA7CF7 /* EateriesCardCell.swift in Sources */ = {isa = PBXBuildFile; fileRef = 94DB8FE6204B946200FA7CF7 /* EateriesCardCell.swift */; };
		94E392AD2070B4300073E8C9 /* GoogleService-Info.plist in Resources */ = {isa = PBXBuildFile; fileRef = 94E392AC2070B4300073E8C9 /* GoogleService-Info.plist */; };
		94E392AE2070B4300073E8C9 /* GoogleService-Info.plist in Resources */ = {isa = PBXBuildFile; fileRef = 94E392AC2070B4300073E8C9 /* GoogleService-Info.plist */; };
		94E392B02074B29E0073E8C9 /* style.json in Resources */ = {isa = PBXBuildFile; fileRef = 94E392AF2074B29E0073E8C9 /* style.json */; };
		94E3D9582097EEC800384680 /* ExpiringCache.swift in Sources */ = {isa = PBXBuildFile; fileRef = 94E3D9572097EEC800384680 /* ExpiringCache.swift */; };
		94F837042070022700ADB690 /* SummaryCardCell.swift in Sources */ = {isa = PBXBuildFile; fileRef = 94F837032070022600ADB690 /* SummaryCardCell.swift */; };
/* End PBXBuildFile section */

/* Begin PBXContainerItemProxy section */
		9490BA0E206C8C8000B880E7 /* PBXContainerItemProxy */ = {
			isa = PBXContainerItemProxy;
			containerPortal = 94380ABC203BAE1D00684863 /* Project object */;
			proxyType = 1;
			remoteGlobalIDString = 94380AC3203BAE1D00684863;
			remoteInfo = Daydream;
		};
/* End PBXContainerItemProxy section */

/* Begin PBXFileReference section */
		275E3DD2282C7EA762CA98E6 /* Pods-Daydream.release.xcconfig */ = {isa = PBXFileReference; includeInIndex = 1; lastKnownFileType = text.xcconfig; name = "Pods-Daydream.release.xcconfig"; path = "Pods/Target Support Files/Pods-Daydream/Pods-Daydream.release.xcconfig"; sourceTree = "<group>"; };
		35BB11CB5A171934921E51F1 /* Pods_Daydream.framework */ = {isa = PBXFileReference; explicitFileType = wrapper.framework; includeInIndex = 0; path = Pods_Daydream.framework; sourceTree = BUILT_PRODUCTS_DIR; };
		7CF615F1B0F8AF65A624CDBF /* Pods-Daydream.debug.xcconfig */ = {isa = PBXFileReference; includeInIndex = 1; lastKnownFileType = text.xcconfig; name = "Pods-Daydream.debug.xcconfig"; path = "Pods/Target Support Files/Pods-Daydream/Pods-Daydream.debug.xcconfig"; sourceTree = "<group>"; };
		94090909205F4613002A65EF /* MapViewController.swift */ = {isa = PBXFileReference; lastKnownFileType = sourcecode.swift; path = MapViewController.swift; sourceTree = "<group>"; };
		94380AC4203BAE1D00684863 /* Daydream.app */ = {isa = PBXFileReference; explicitFileType = wrapper.application; includeInIndex = 0; path = Daydream.app; sourceTree = BUILT_PRODUCTS_DIR; };
		94380AC7203BAE1D00684863 /* AppDelegate.swift */ = {isa = PBXFileReference; lastKnownFileType = sourcecode.swift; path = AppDelegate.swift; sourceTree = "<group>"; };
		94380AC9203BAE1D00684863 /* SearchViewController.swift */ = {isa = PBXFileReference; lastKnownFileType = sourcecode.swift; path = SearchViewController.swift; sourceTree = "<group>"; };
		94380ACC203BAE1D00684863 /* Base */ = {isa = PBXFileReference; lastKnownFileType = file.storyboard; name = Base; path = Base.lproj/Main.storyboard; sourceTree = "<group>"; };
		94380ACE203BAE1D00684863 /* Assets.xcassets */ = {isa = PBXFileReference; lastKnownFileType = folder.assetcatalog; path = Assets.xcassets; sourceTree = "<group>"; };
		94380AD1203BAE1D00684863 /* Base */ = {isa = PBXFileReference; lastKnownFileType = file.storyboard; name = Base; path = Base.lproj/LaunchScreen.storyboard; sourceTree = "<group>"; };
		94380AD3203BAE1D00684863 /* Info.plist */ = {isa = PBXFileReference; lastKnownFileType = text.plist.xml; path = Info.plist; sourceTree = "<group>"; };
		94673BAB225075AA00EC04FD /* DesignableView.swift */ = {isa = PBXFileReference; lastKnownFileType = sourcecode.swift; path = DesignableView.swift; sourceTree = "<group>"; };
		947EC6512043F28F004A911D /* Extensions.swift */ = {isa = PBXFileReference; lastKnownFileType = sourcecode.swift; path = Extensions.swift; sourceTree = "<group>"; };
		947EC6532043F5B2004A911D /* Color.swift */ = {isa = PBXFileReference; lastKnownFileType = sourcecode.swift; path = Color.swift; sourceTree = "<group>"; };
		947EC655204667EB004A911D /* MapCardCell.swift */ = {isa = PBXFileReference; lastKnownFileType = sourcecode.swift; path = MapCardCell.swift; sourceTree = "<group>"; };
		947EC657204673BF004A911D /* ShadowView.swift */ = {isa = PBXFileReference; lastKnownFileType = sourcecode.swift; path = ShadowView.swift; sourceTree = "<group>"; };
		9481EC59204B358C00863A5A /* SightsCardCell.swift */ = {isa = PBXFileReference; lastKnownFileType = sourcecode.swift; path = SightsCardCell.swift; sourceTree = "<group>"; };
		9490BA01206AF6F700B880E7 /* randomCitiesJSON.json */ = {isa = PBXFileReference; fileEncoding = 4; lastKnownFileType = text.json; path = randomCitiesJSON.json; sourceTree = "<group>"; };
		9490BA03206B03B300B880E7 /* Protocols.swift */ = {isa = PBXFileReference; lastKnownFileType = sourcecode.swift; path = Protocols.swift; sourceTree = "<group>"; };
		9490BA09206C8C8000B880E7 /* DaydreamUITests.xctest */ = {isa = PBXFileReference; explicitFileType = wrapper.cfbundle; includeInIndex = 0; path = DaydreamUITests.xctest; sourceTree = BUILT_PRODUCTS_DIR; };
		9490BA17206CAA8300B880E7 /* Place.swift */ = {isa = PBXFileReference; lastKnownFileType = sourcecode.swift; path = Place.swift; sourceTree = "<group>"; };
		949630B9203BCBBD007139CA /* SearchDetailViewController.swift */ = {isa = PBXFileReference; lastKnownFileType = sourcecode.swift; path = SearchDetailViewController.swift; sourceTree = "<group>"; };
		94A7B7DA20780D39003E28A8 /* Review.swift */ = {isa = PBXFileReference; lastKnownFileType = sourcecode.swift; path = Review.swift; sourceTree = "<group>"; };
		94AE9B842094DAF500450399 /* LoadingViewController.swift */ = {isa = PBXFileReference; lastKnownFileType = sourcecode.swift; path = LoadingViewController.swift; sourceTree = "<group>"; };
		94B7DB56205DEE980040D61C /* Viewport.swift */ = {isa = PBXFileReference; lastKnownFileType = sourcecode.swift; path = Viewport.swift; sourceTree = "<group>"; };
		94B7DB58205E06080040D61C /* Eatery.swift */ = {isa = PBXFileReference; lastKnownFileType = sourcecode.swift; path = Eatery.swift; sourceTree = "<group>"; };
		94B7DB5C205EEBBB0040D61C /* NetworkService.swift */ = {isa = PBXFileReference; lastKnownFileType = sourcecode.swift; path = NetworkService.swift; sourceTree = "<group>"; };
		94B8CEB2207DC31D00CA8101 /* SearchDetailDataSource.swift */ = {isa = PBXFileReference; lastKnownFileType = sourcecode.swift; path = SearchDetailDataSource.swift; sourceTree = "<group>"; };
		94C9384F22500D31005E0653 /* UIDevice+Helpers.swift */ = {isa = PBXFileReference; lastKnownFileType = sourcecode.swift; path = "UIDevice+Helpers.swift"; sourceTree = "<group>"; };
		94DB8FE6204B946200FA7CF7 /* EateriesCardCell.swift */ = {isa = PBXFileReference; lastKnownFileType = sourcecode.swift; path = EateriesCardCell.swift; sourceTree = "<group>"; };
		94E392AC2070B4300073E8C9 /* GoogleService-Info.plist */ = {isa = PBXFileReference; fileEncoding = 4; lastKnownFileType = text.plist.xml; path = "GoogleService-Info.plist"; sourceTree = "<group>"; };
		94E392AF2074B29E0073E8C9 /* style.json */ = {isa = PBXFileReference; lastKnownFileType = text.json; path = style.json; sourceTree = "<group>"; };
		94E3D9572097EEC800384680 /* ExpiringCache.swift */ = {isa = PBXFileReference; lastKnownFileType = sourcecode.swift; path = ExpiringCache.swift; sourceTree = "<group>"; };
		94F837032070022600ADB690 /* SummaryCardCell.swift */ = {isa = PBXFileReference; lastKnownFileType = sourcecode.swift; path = SummaryCardCell.swift; sourceTree = "<group>"; };
/* End PBXFileReference section */

/* Begin PBXFrameworksBuildPhase section */
		94380AC1203BAE1D00684863 /* Frameworks */ = {
			isa = PBXFrameworksBuildPhase;
			buildActionMask = 2147483647;
			files = (
				1798BE5CF61FDC04CA194644 /* Pods_Daydream.framework in Frameworks */,
			);
			runOnlyForDeploymentPostprocessing = 0;
		};
		9490BA06206C8C8000B880E7 /* Frameworks */ = {
			isa = PBXFrameworksBuildPhase;
			buildActionMask = 2147483647;
			files = (
			);
			runOnlyForDeploymentPostprocessing = 0;
		};
/* End PBXFrameworksBuildPhase section */

/* Begin PBXGroup section */
		16D2AFFF8EADF7C12E01E00C /* Frameworks */ = {
			isa = PBXGroup;
			children = (
				35BB11CB5A171934921E51F1 /* Pods_Daydream.framework */,
			);
			name = Frameworks;
			sourceTree = "<group>";
		};
		94380ABB203BAE1D00684863 = {
			isa = PBXGroup;
			children = (
				94380AC6203BAE1D00684863 /* Daydream */,
				94380AC5203BAE1D00684863 /* Products */,
				C82D49DAB7A4A35EC3FA2142 /* Pods */,
				16D2AFFF8EADF7C12E01E00C /* Frameworks */,
			);
			sourceTree = "<group>";
		};
		94380AC5203BAE1D00684863 /* Products */ = {
			isa = PBXGroup;
			children = (
				94380AC4203BAE1D00684863 /* Daydream.app */,
				9490BA09206C8C8000B880E7 /* DaydreamUITests.xctest */,
			);
			name = Products;
			sourceTree = "<group>";
		};
		94380AC6203BAE1D00684863 /* Daydream */ = {
			isa = PBXGroup;
			children = (
				94380AC7203BAE1D00684863 /* AppDelegate.swift */,
				94380AC9203BAE1D00684863 /* SearchViewController.swift */,
				949630B9203BCBBD007139CA /* SearchDetailViewController.swift */,
				94B8CEB2207DC31D00CA8101 /* SearchDetailDataSource.swift */,
				94090909205F4613002A65EF /* MapViewController.swift */,
				94E392AB20700B4B0073E8C9 /* CardCells */,
				94B7DB5A205E2C800040D61C /* Models */,
				94B7DB5B205E2C920040D61C /* Shared */,
				94380ACB203BAE1D00684863 /* Main.storyboard */,
				94380ACE203BAE1D00684863 /* Assets.xcassets */,
				94380AD0203BAE1D00684863 /* LaunchScreen.storyboard */,
				94380AD3203BAE1D00684863 /* Info.plist */,
				94E392AC2070B4300073E8C9 /* GoogleService-Info.plist */,
			);
			path = Daydream;
			sourceTree = "<group>";
		};
		94B7DB5A205E2C800040D61C /* Models */ = {
			isa = PBXGroup;
			children = (
				94B7DB56205DEE980040D61C /* Viewport.swift */,
				9490BA17206CAA8300B880E7 /* Place.swift */,
				94A7B7DA20780D39003E28A8 /* Review.swift */,
				94B7DB58205E06080040D61C /* Eatery.swift */,
			);
			path = Models;
			sourceTree = "<group>";
		};
		94B7DB5B205E2C920040D61C /* Shared */ = {
			isa = PBXGroup;
			children = (
				947EC6512043F28F004A911D /* Extensions.swift */,
				94673BAB225075AA00EC04FD /* DesignableView.swift */,
				94C9384F22500D31005E0653 /* UIDevice+Helpers.swift */,
				94AE9B842094DAF500450399 /* LoadingViewController.swift */,
				9490BA03206B03B300B880E7 /* Protocols.swift */,
				94B7DB5C205EEBBB0040D61C /* NetworkService.swift */,
				9490BA01206AF6F700B880E7 /* randomCitiesJSON.json */,
				94E392AF2074B29E0073E8C9 /* style.json */,
				947EC657204673BF004A911D /* ShadowView.swift */,
				947EC6532043F5B2004A911D /* Color.swift */,
				94E3D9572097EEC800384680 /* ExpiringCache.swift */,
			);
			path = Shared;
			sourceTree = "<group>";
		};
		94E392AB20700B4B0073E8C9 /* CardCells */ = {
			isa = PBXGroup;
			children = (
				94F837032070022600ADB690 /* SummaryCardCell.swift */,
				947EC655204667EB004A911D /* MapCardCell.swift */,
				9481EC59204B358C00863A5A /* SightsCardCell.swift */,
				94DB8FE6204B946200FA7CF7 /* EateriesCardCell.swift */,
			);
			path = CardCells;
			sourceTree = "<group>";
		};
		C82D49DAB7A4A35EC3FA2142 /* Pods */ = {
			isa = PBXGroup;
			children = (
				7CF615F1B0F8AF65A624CDBF /* Pods-Daydream.debug.xcconfig */,
				275E3DD2282C7EA762CA98E6 /* Pods-Daydream.release.xcconfig */,
			);
			name = Pods;
			sourceTree = "<group>";
		};
/* End PBXGroup section */

/* Begin PBXNativeTarget section */
		94380AC3203BAE1D00684863 /* Daydream */ = {
			isa = PBXNativeTarget;
			buildConfigurationList = 94380AD6203BAE1D00684863 /* Build configuration list for PBXNativeTarget "Daydream" */;
			buildPhases = (
				D6A2015AAA6AF20C92D43CDC /* [CP] Check Pods Manifest.lock */,
				94380AC0203BAE1D00684863 /* Sources */,
				94380AC1203BAE1D00684863 /* Frameworks */,
				94380AC2203BAE1D00684863 /* Resources */,
				2C1A16EE59777786F623EDDF /* [CP] Embed Pods Frameworks */,
				8007B826663EE312D427A181 /* [CP] Copy Pods Resources */,
				947EC659204B27CC004A911D /* ShellScript */,
				941CD8C32090FC1000A1D9B8 /* ShellScript */,
			);
			buildRules = (
			);
			dependencies = (
			);
			name = Daydream;
			productName = Daydream;
			productReference = 94380AC4203BAE1D00684863 /* Daydream.app */;
			productType = "com.apple.product-type.application";
		};
		9490BA08206C8C8000B880E7 /* DaydreamUITests */ = {
			isa = PBXNativeTarget;
			buildConfigurationList = 9490BA10206C8C8000B880E7 /* Build configuration list for PBXNativeTarget "DaydreamUITests" */;
			buildPhases = (
				9490BA05206C8C8000B880E7 /* Sources */,
				9490BA06206C8C8000B880E7 /* Frameworks */,
				9490BA07206C8C8000B880E7 /* Resources */,
			);
			buildRules = (
			);
			dependencies = (
				9490BA0F206C8C8000B880E7 /* PBXTargetDependency */,
			);
			name = DaydreamUITests;
			productName = DaydreamUITests;
			productReference = 9490BA09206C8C8000B880E7 /* DaydreamUITests.xctest */;
			productType = "com.apple.product-type.bundle.ui-testing";
		};
/* End PBXNativeTarget section */

/* Begin PBXProject section */
		94380ABC203BAE1D00684863 /* Project object */ = {
			isa = PBXProject;
			attributes = {
				LastSwiftUpdateCheck = 0920;
				LastUpgradeCheck = 0930;
				ORGANIZATIONNAME = "Raymond Kim";
				TargetAttributes = {
					94380AC3203BAE1D00684863 = {
						CreatedOnToolsVersion = 9.2;
						LastSwiftMigration = 1010;
						ProvisioningStyle = Manual;
					};
					9490BA08206C8C8000B880E7 = {
						CreatedOnToolsVersion = 9.2;
						LastSwiftMigration = 1010;
						ProvisioningStyle = Automatic;
						TestTargetID = 94380AC3203BAE1D00684863;
					};
				};
			};
			buildConfigurationList = 94380ABF203BAE1D00684863 /* Build configuration list for PBXProject "Daydream" */;
			compatibilityVersion = "Xcode 8.0";
			developmentRegion = en;
			hasScannedForEncodings = 0;
			knownRegions = (
				en,
				Base,
			);
			mainGroup = 94380ABB203BAE1D00684863;
			productRefGroup = 94380AC5203BAE1D00684863 /* Products */;
			projectDirPath = "";
			projectRoot = "";
			targets = (
				94380AC3203BAE1D00684863 /* Daydream */,
				9490BA08206C8C8000B880E7 /* DaydreamUITests */,
			);
		};
/* End PBXProject section */

/* Begin PBXResourcesBuildPhase section */
		94380AC2203BAE1D00684863 /* Resources */ = {
			isa = PBXResourcesBuildPhase;
			buildActionMask = 2147483647;
			files = (
				94380AD2203BAE1D00684863 /* LaunchScreen.storyboard in Resources */,
				9490BA02206AF6F700B880E7 /* randomCitiesJSON.json in Resources */,
				94E392AD2070B4300073E8C9 /* GoogleService-Info.plist in Resources */,
				94E392B02074B29E0073E8C9 /* style.json in Resources */,
				94380ACF203BAE1D00684863 /* Assets.xcassets in Resources */,
				94380ACD203BAE1D00684863 /* Main.storyboard in Resources */,
			);
			runOnlyForDeploymentPostprocessing = 0;
		};
		9490BA07206C8C8000B880E7 /* Resources */ = {
			isa = PBXResourcesBuildPhase;
			buildActionMask = 2147483647;
			files = (
				94E392AE2070B4300073E8C9 /* GoogleService-Info.plist in Resources */,
			);
			runOnlyForDeploymentPostprocessing = 0;
		};
/* End PBXResourcesBuildPhase section */

/* Begin PBXShellScriptBuildPhase section */
		2C1A16EE59777786F623EDDF /* [CP] Embed Pods Frameworks */ = {
			isa = PBXShellScriptBuildPhase;
			buildActionMask = 2147483647;
			files = (
			);
			inputPaths = (
				"${SRCROOT}/Pods/Target Support Files/Pods-Daydream/Pods-Daydream-frameworks.sh",
				"${BUILT_PRODUCTS_DIR}/Alamofire/Alamofire.framework",
				"${BUILT_PRODUCTS_DIR}/GoogleToolboxForMac/GoogleToolboxForMac.framework",
				"${BUILT_PRODUCTS_DIR}/Hero/Hero.framework",
				"${BUILT_PRODUCTS_DIR}/SVProgressHUD/SVProgressHUD.framework",
				"${BUILT_PRODUCTS_DIR}/SwiftyJSON/SwiftyJSON.framework",
				"${BUILT_PRODUCTS_DIR}/nanopb/nanopb.framework",
			);
			name = "[CP] Embed Pods Frameworks";
			outputPaths = (
				"${TARGET_BUILD_DIR}/${FRAMEWORKS_FOLDER_PATH}/Alamofire.framework",
				"${TARGET_BUILD_DIR}/${FRAMEWORKS_FOLDER_PATH}/GoogleToolboxForMac.framework",
				"${TARGET_BUILD_DIR}/${FRAMEWORKS_FOLDER_PATH}/Hero.framework",
				"${TARGET_BUILD_DIR}/${FRAMEWORKS_FOLDER_PATH}/SVProgressHUD.framework",
				"${TARGET_BUILD_DIR}/${FRAMEWORKS_FOLDER_PATH}/SwiftyJSON.framework",
				"${TARGET_BUILD_DIR}/${FRAMEWORKS_FOLDER_PATH}/nanopb.framework",
			);
			runOnlyForDeploymentPostprocessing = 0;
			shellPath = /bin/sh;
			shellScript = "\"${SRCROOT}/Pods/Target Support Files/Pods-Daydream/Pods-Daydream-frameworks.sh\"\n";
			showEnvVarsInLog = 0;
		};
		8007B826663EE312D427A181 /* [CP] Copy Pods Resources */ = {
			isa = PBXShellScriptBuildPhase;
			buildActionMask = 2147483647;
			files = (
			);
			inputPaths = (
				"${SRCROOT}/Pods/Target Support Files/Pods-Daydream/Pods-Daydream-resources.sh",
				"${PODS_ROOT}/GoogleMaps/Maps/Frameworks/GoogleMaps.framework/Resources/GoogleMaps.bundle",
				"${PODS_ROOT}/GooglePlaces/Frameworks/GooglePlaces.framework/Resources/GooglePlaces.bundle",
			);
			name = "[CP] Copy Pods Resources";
			outputPaths = (
				"${TARGET_BUILD_DIR}/${UNLOCALIZED_RESOURCES_FOLDER_PATH}/GoogleMaps.bundle",
				"${TARGET_BUILD_DIR}/${UNLOCALIZED_RESOURCES_FOLDER_PATH}/GooglePlaces.bundle",
			);
			runOnlyForDeploymentPostprocessing = 0;
			shellPath = /bin/sh;
			shellScript = "\"${SRCROOT}/Pods/Target Support Files/Pods-Daydream/Pods-Daydream-resources.sh\"\n";
			showEnvVarsInLog = 0;
		};
		941CD8C32090FC1000A1D9B8 /* ShellScript */ = {
			isa = PBXShellScriptBuildPhase;
			buildActionMask = 2147483647;
			files = (
			);
			inputPaths = (
				"$(BUILT_PRODUCTS_DIR)/$(INFOPLIST_PATH)",
			);
			outputPaths = (
			);
			runOnlyForDeploymentPostprocessing = 0;
			shellPath = /bin/sh;
			shellScript = "${PODS_ROOT}/Fabric/run\n";
		};
		947EC659204B27CC004A911D /* ShellScript */ = {
			isa = PBXShellScriptBuildPhase;
			buildActionMask = 2147483647;
			files = (
			);
			inputPaths = (
			);
			outputPaths = (
			);
			runOnlyForDeploymentPostprocessing = 0;
			shellPath = /bin/sh;
			shellScript = "${PODS_ROOT}/SwiftLint/swiftlint\n";
		};
		D6A2015AAA6AF20C92D43CDC /* [CP] Check Pods Manifest.lock */ = {
			isa = PBXShellScriptBuildPhase;
			buildActionMask = 2147483647;
			files = (
			);
			inputPaths = (
				"${PODS_PODFILE_DIR_PATH}/Podfile.lock",
				"${PODS_ROOT}/Manifest.lock",
			);
			name = "[CP] Check Pods Manifest.lock";
			outputPaths = (
				"$(DERIVED_FILE_DIR)/Pods-Daydream-checkManifestLockResult.txt",
			);
			runOnlyForDeploymentPostprocessing = 0;
			shellPath = /bin/sh;
			shellScript = "diff \"${PODS_PODFILE_DIR_PATH}/Podfile.lock\" \"${PODS_ROOT}/Manifest.lock\" > /dev/null\nif [ $? != 0 ] ; then\n    # print error to STDERR\n    echo \"error: The sandbox is not in sync with the Podfile.lock. Run 'pod install' or update your CocoaPods installation.\" >&2\n    exit 1\nfi\n# This output is used by Xcode 'outputs' to avoid re-running this script phase.\necho \"SUCCESS\" > \"${SCRIPT_OUTPUT_FILE_0}\"\n";
			showEnvVarsInLog = 0;
		};
/* End PBXShellScriptBuildPhase section */

/* Begin PBXSourcesBuildPhase section */
		94380AC0203BAE1D00684863 /* Sources */ = {
			isa = PBXSourcesBuildPhase;
			buildActionMask = 2147483647;
			files = (
				9490BA04206B03B300B880E7 /* Protocols.swift in Sources */,
				94380ACA203BAE1D00684863 /* SearchViewController.swift in Sources */,
				94A7B7DB20780D39003E28A8 /* Review.swift in Sources */,
				94B8CEB3207DC31D00CA8101 /* SearchDetailDataSource.swift in Sources */,
				94DB8FE7204B946200FA7CF7 /* EateriesCardCell.swift in Sources */,
				947EC6542043F5B2004A911D /* Color.swift in Sources */,
				94E3D9582097EEC800384680 /* ExpiringCache.swift in Sources */,
				949630BA203BCBBD007139CA /* SearchDetailViewController.swift in Sources */,
				9481EC5A204B358C00863A5A /* SightsCardCell.swift in Sources */,
				94380AC8203BAE1D00684863 /* AppDelegate.swift in Sources */,
				947EC656204667EB004A911D /* MapCardCell.swift in Sources */,
				94F837042070022700ADB690 /* SummaryCardCell.swift in Sources */,
				94AE9B852094DAF500450399 /* LoadingViewController.swift in Sources */,
				94B7DB57205DEE980040D61C /* Viewport.swift in Sources */,
				94B7DB59205E06080040D61C /* Eatery.swift in Sources */,
				94C9385022500D31005E0653 /* UIDevice+Helpers.swift in Sources */,
				9490BA18206CAA8300B880E7 /* Place.swift in Sources */,
				947EC6522043F28F004A911D /* Extensions.swift in Sources */,
				94B7DB5D205EEBBB0040D61C /* NetworkService.swift in Sources */,
				947EC658204673BF004A911D /* ShadowView.swift in Sources */,
				94673BAC225075AA00EC04FD /* DesignableView.swift in Sources */,
				9409090A205F4613002A65EF /* MapViewController.swift in Sources */,
			);
			runOnlyForDeploymentPostprocessing = 0;
		};
		9490BA05206C8C8000B880E7 /* Sources */ = {
			isa = PBXSourcesBuildPhase;
			buildActionMask = 2147483647;
			files = (
			);
			runOnlyForDeploymentPostprocessing = 0;
		};
/* End PBXSourcesBuildPhase section */

/* Begin PBXTargetDependency section */
		9490BA0F206C8C8000B880E7 /* PBXTargetDependency */ = {
			isa = PBXTargetDependency;
			target = 94380AC3203BAE1D00684863 /* Daydream */;
			targetProxy = 9490BA0E206C8C8000B880E7 /* PBXContainerItemProxy */;
		};
/* End PBXTargetDependency section */

/* Begin PBXVariantGroup section */
		94380ACB203BAE1D00684863 /* Main.storyboard */ = {
			isa = PBXVariantGroup;
			children = (
				94380ACC203BAE1D00684863 /* Base */,
			);
			name = Main.storyboard;
			sourceTree = "<group>";
		};
		94380AD0203BAE1D00684863 /* LaunchScreen.storyboard */ = {
			isa = PBXVariantGroup;
			children = (
				94380AD1203BAE1D00684863 /* Base */,
			);
			name = LaunchScreen.storyboard;
			sourceTree = "<group>";
		};
/* End PBXVariantGroup section */

/* Begin XCBuildConfiguration section */
		94380AD4203BAE1D00684863 /* Debug */ = {
			isa = XCBuildConfiguration;
			buildSettings = {
				ALWAYS_SEARCH_USER_PATHS = NO;
				CLANG_ANALYZER_NONNULL = YES;
				CLANG_ANALYZER_NUMBER_OBJECT_CONVERSION = YES_AGGRESSIVE;
				CLANG_CXX_LANGUAGE_STANDARD = "gnu++14";
				CLANG_CXX_LIBRARY = "libc++";
				CLANG_ENABLE_MODULES = YES;
				CLANG_ENABLE_OBJC_ARC = YES;
				CLANG_WARN_BLOCK_CAPTURE_AUTORELEASING = YES;
				CLANG_WARN_BOOL_CONVERSION = YES;
				CLANG_WARN_COMMA = YES;
				CLANG_WARN_CONSTANT_CONVERSION = YES;
				CLANG_WARN_DEPRECATED_OBJC_IMPLEMENTATIONS = YES;
				CLANG_WARN_DIRECT_OBJC_ISA_USAGE = YES_ERROR;
				CLANG_WARN_DOCUMENTATION_COMMENTS = YES;
				CLANG_WARN_EMPTY_BODY = YES;
				CLANG_WARN_ENUM_CONVERSION = YES;
				CLANG_WARN_INFINITE_RECURSION = YES;
				CLANG_WARN_INT_CONVERSION = YES;
				CLANG_WARN_NON_LITERAL_NULL_CONVERSION = YES;
				CLANG_WARN_OBJC_IMPLICIT_RETAIN_SELF = YES;
				CLANG_WARN_OBJC_LITERAL_CONVERSION = YES;
				CLANG_WARN_OBJC_ROOT_CLASS = YES_ERROR;
				CLANG_WARN_RANGE_LOOP_ANALYSIS = YES;
				CLANG_WARN_STRICT_PROTOTYPES = YES;
				CLANG_WARN_SUSPICIOUS_MOVE = YES;
				CLANG_WARN_UNGUARDED_AVAILABILITY = YES_AGGRESSIVE;
				CLANG_WARN_UNREACHABLE_CODE = YES;
				CLANG_WARN__DUPLICATE_METHOD_MATCH = YES;
				CODE_SIGN_IDENTITY = "iPhone Developer";
				COPY_PHASE_STRIP = NO;
				CURRENT_PROJECT_VERSION = 6;
				DEBUG_INFORMATION_FORMAT = dwarf;
				ENABLE_STRICT_OBJC_MSGSEND = YES;
				ENABLE_TESTABILITY = YES;
				GCC_C_LANGUAGE_STANDARD = gnu11;
				GCC_DYNAMIC_NO_PIC = NO;
				GCC_NO_COMMON_BLOCKS = YES;
				GCC_OPTIMIZATION_LEVEL = 0;
				GCC_PREPROCESSOR_DEFINITIONS = (
					"DEBUG=1",
					"$(inherited)",
				);
				GCC_WARN_64_TO_32_BIT_CONVERSION = YES;
				GCC_WARN_ABOUT_RETURN_TYPE = YES_ERROR;
				GCC_WARN_UNDECLARED_SELECTOR = YES;
				GCC_WARN_UNINITIALIZED_AUTOS = YES_AGGRESSIVE;
				GCC_WARN_UNUSED_FUNCTION = YES;
				GCC_WARN_UNUSED_VARIABLE = YES;
				IPHONEOS_DEPLOYMENT_TARGET = 11.0;
				MTL_ENABLE_DEBUG_INFO = YES;
				ONLY_ACTIVE_ARCH = YES;
				SDKROOT = iphoneos;
				SWIFT_ACTIVE_COMPILATION_CONDITIONS = DEBUG;
				SWIFT_OPTIMIZATION_LEVEL = "-Onone";
				VERSIONING_SYSTEM = "apple-generic";
			};
			name = Debug;
		};
		94380AD5203BAE1D00684863 /* Release */ = {
			isa = XCBuildConfiguration;
			buildSettings = {
				ALWAYS_SEARCH_USER_PATHS = NO;
				CLANG_ANALYZER_NONNULL = YES;
				CLANG_ANALYZER_NUMBER_OBJECT_CONVERSION = YES_AGGRESSIVE;
				CLANG_CXX_LANGUAGE_STANDARD = "gnu++14";
				CLANG_CXX_LIBRARY = "libc++";
				CLANG_ENABLE_MODULES = YES;
				CLANG_ENABLE_OBJC_ARC = YES;
				CLANG_WARN_BLOCK_CAPTURE_AUTORELEASING = YES;
				CLANG_WARN_BOOL_CONVERSION = YES;
				CLANG_WARN_COMMA = YES;
				CLANG_WARN_CONSTANT_CONVERSION = YES;
				CLANG_WARN_DEPRECATED_OBJC_IMPLEMENTATIONS = YES;
				CLANG_WARN_DIRECT_OBJC_ISA_USAGE = YES_ERROR;
				CLANG_WARN_DOCUMENTATION_COMMENTS = YES;
				CLANG_WARN_EMPTY_BODY = YES;
				CLANG_WARN_ENUM_CONVERSION = YES;
				CLANG_WARN_INFINITE_RECURSION = YES;
				CLANG_WARN_INT_CONVERSION = YES;
				CLANG_WARN_NON_LITERAL_NULL_CONVERSION = YES;
				CLANG_WARN_OBJC_IMPLICIT_RETAIN_SELF = YES;
				CLANG_WARN_OBJC_LITERAL_CONVERSION = YES;
				CLANG_WARN_OBJC_ROOT_CLASS = YES_ERROR;
				CLANG_WARN_RANGE_LOOP_ANALYSIS = YES;
				CLANG_WARN_STRICT_PROTOTYPES = YES;
				CLANG_WARN_SUSPICIOUS_MOVE = YES;
				CLANG_WARN_UNGUARDED_AVAILABILITY = YES_AGGRESSIVE;
				CLANG_WARN_UNREACHABLE_CODE = YES;
				CLANG_WARN__DUPLICATE_METHOD_MATCH = YES;
				CODE_SIGN_IDENTITY = "iPhone Developer";
				COPY_PHASE_STRIP = NO;
				CURRENT_PROJECT_VERSION = 6;
				DEBUG_INFORMATION_FORMAT = "dwarf-with-dsym";
				ENABLE_NS_ASSERTIONS = NO;
				ENABLE_STRICT_OBJC_MSGSEND = YES;
				GCC_C_LANGUAGE_STANDARD = gnu11;
				GCC_NO_COMMON_BLOCKS = YES;
				GCC_WARN_64_TO_32_BIT_CONVERSION = YES;
				GCC_WARN_ABOUT_RETURN_TYPE = YES_ERROR;
				GCC_WARN_UNDECLARED_SELECTOR = YES;
				GCC_WARN_UNINITIALIZED_AUTOS = YES_AGGRESSIVE;
				GCC_WARN_UNUSED_FUNCTION = YES;
				GCC_WARN_UNUSED_VARIABLE = YES;
				IPHONEOS_DEPLOYMENT_TARGET = 11.0;
				MTL_ENABLE_DEBUG_INFO = NO;
				SDKROOT = iphoneos;
				SWIFT_OPTIMIZATION_LEVEL = "-Owholemodule";
				VALIDATE_PRODUCT = YES;
				VERSIONING_SYSTEM = "apple-generic";
			};
			name = Release;
		};
		94380AD7203BAE1D00684863 /* Debug */ = {
			isa = XCBuildConfiguration;
			baseConfigurationReference = 7CF615F1B0F8AF65A624CDBF /* Pods-Daydream.debug.xcconfig */;
			buildSettings = {
				ASSETCATALOG_COMPILER_APPICON_NAME = AppIcon;
				CODE_SIGN_IDENTITY = "iPhone Distribution";
				CODE_SIGN_STYLE = Manual;
				DEBUG_INFORMATION_FORMAT = "dwarf-with-dsym";
				DEVELOPMENT_TEAM = 49BZEB79BF;
				INFOPLIST_FILE = Daydream/Info.plist;
				IPHONEOS_DEPLOYMENT_TARGET = 11.0;
				LD_RUNPATH_SEARCH_PATHS = "$(inherited) @executable_path/Frameworks";
				PRODUCT_BUNDLE_IDENTIFIER = com.rckim.Daydream;
				PRODUCT_NAME = "$(TARGET_NAME)";
				PROVISIONING_PROFILE_SPECIFIER = "daydream-provisioning-profile-distribution";
				SWIFT_VERSION = 4.2;
				TARGETED_DEVICE_FAMILY = "1,2";
			};
			name = Debug;
		};
		94380AD8203BAE1D00684863 /* Release */ = {
			isa = XCBuildConfiguration;
			baseConfigurationReference = 275E3DD2282C7EA762CA98E6 /* Pods-Daydream.release.xcconfig */;
			buildSettings = {
				ASSETCATALOG_COMPILER_APPICON_NAME = AppIcon;
				CODE_SIGN_IDENTITY = "iPhone Distribution";
				CODE_SIGN_STYLE = Manual;
				DEVELOPMENT_TEAM = 49BZEB79BF;
				INFOPLIST_FILE = Daydream/Info.plist;
				IPHONEOS_DEPLOYMENT_TARGET = 11.0;
				LD_RUNPATH_SEARCH_PATHS = "$(inherited) @executable_path/Frameworks";
				PRODUCT_BUNDLE_IDENTIFIER = com.rckim.Daydream;
				PRODUCT_NAME = "$(TARGET_NAME)";
				PROVISIONING_PROFILE_SPECIFIER = "daydream-provisioning-profile-distribution";
				SWIFT_VERSION = 4.2;
				TARGETED_DEVICE_FAMILY = "1,2";
			};
			name = Release;
		};
		9490BA11206C8C8000B880E7 /* Debug */ = {
			isa = XCBuildConfiguration;
			buildSettings = {
				CODE_SIGN_STYLE = Automatic;
				DEVELOPMENT_TEAM = 49BZEB79BF;
				INFOPLIST_FILE = DaydreamUITests/Info.plist;
				LD_RUNPATH_SEARCH_PATHS = "$(inherited) @executable_path/Frameworks @loader_path/Frameworks";
				PRODUCT_BUNDLE_IDENTIFIER = com.rckim.DaydreamUITests;
				PRODUCT_NAME = "$(TARGET_NAME)";
				SWIFT_VERSION = 4.2;
				TARGETED_DEVICE_FAMILY = "1,2";
				TEST_TARGET_NAME = Daydream;
			};
			name = Debug;
		};
		9490BA12206C8C8000B880E7 /* Release */ = {
			isa = XCBuildConfiguration;
			buildSettings = {
				CODE_SIGN_STYLE = Automatic;
				DEVELOPMENT_TEAM = 49BZEB79BF;
				INFOPLIST_FILE = DaydreamUITests/Info.plist;
				LD_RUNPATH_SEARCH_PATHS = "$(inherited) @executable_path/Frameworks @loader_path/Frameworks";
				PRODUCT_BUNDLE_IDENTIFIER = com.rckim.DaydreamUITests;
				PRODUCT_NAME = "$(TARGET_NAME)";
				SWIFT_VERSION = 4.2;
				TARGETED_DEVICE_FAMILY = "1,2";
				TEST_TARGET_NAME = Daydream;
			};
			name = Release;
		};
/* End XCBuildConfiguration section */

/* Begin XCConfigurationList section */
		94380ABF203BAE1D00684863 /* Build configuration list for PBXProject "Daydream" */ = {
			isa = XCConfigurationList;
			buildConfigurations = (
				94380AD4203BAE1D00684863 /* Debug */,
				94380AD5203BAE1D00684863 /* Release */,
			);
			defaultConfigurationIsVisible = 0;
			defaultConfigurationName = Release;
		};
		94380AD6203BAE1D00684863 /* Build configuration list for PBXNativeTarget "Daydream" */ = {
			isa = XCConfigurationList;
			buildConfigurations = (
				94380AD7203BAE1D00684863 /* Debug */,
				94380AD8203BAE1D00684863 /* Release */,
			);
			defaultConfigurationIsVisible = 0;
			defaultConfigurationName = Release;
		};
		9490BA10206C8C8000B880E7 /* Build configuration list for PBXNativeTarget "DaydreamUITests" */ = {
			isa = XCConfigurationList;
			buildConfigurations = (
				9490BA11206C8C8000B880E7 /* Debug */,
				9490BA12206C8C8000B880E7 /* Release */,
			);
			defaultConfigurationIsVisible = 0;
			defaultConfigurationName = Release;
		};
/* End XCConfigurationList section */
	};
	rootObject = 94380ABC203BAE1D00684863 /* Project object */;
}
