// !$*UTF8*$!
{
	archiveVersion = 1;
	classes = {
	};
	objectVersion = 48;
	objects = {

/* Begin PBXBuildFile section */
		1798BE5CF61FDC04CA194644 /* Pods_Daydream.framework in Frameworks */ = {isa = PBXBuildFile; fileRef = 35BB11CB5A171934921E51F1 /* Pods_Daydream.framework */; };
		94380AC8203BAE1D00684863 /* AppDelegate.swift in Sources */ = {isa = PBXBuildFile; fileRef = 94380AC7203BAE1D00684863 /* AppDelegate.swift */; };
		94380ACA203BAE1D00684863 /* SearchViewController.swift in Sources */ = {isa = PBXBuildFile; fileRef = 94380AC9203BAE1D00684863 /* SearchViewController.swift */; };
		94380ACD203BAE1D00684863 /* Main.storyboard in Resources */ = {isa = PBXBuildFile; fileRef = 94380ACB203BAE1D00684863 /* Main.storyboard */; };
		94380ACF203BAE1D00684863 /* Assets.xcassets in Resources */ = {isa = PBXBuildFile; fileRef = 94380ACE203BAE1D00684863 /* Assets.xcassets */; };
		94380AD2203BAE1D00684863 /* LaunchScreen.storyboard in Resources */ = {isa = PBXBuildFile; fileRef = 94380AD0203BAE1D00684863 /* LaunchScreen.storyboard */; };
		949630BA203BCBBD007139CA /* SearchDetailViewController.swift in Sources */ = {isa = PBXBuildFile; fileRef = 949630B9203BCBBD007139CA /* SearchDetailViewController.swift */; };
/* End PBXBuildFile section */

/* Begin PBXFileReference section */
		275E3DD2282C7EA762CA98E6 /* Pods-Daydream.release.xcconfig */ = {isa = PBXFileReference; includeInIndex = 1; lastKnownFileType = text.xcconfig; name = "Pods-Daydream.release.xcconfig"; path = "Pods/Target Support Files/Pods-Daydream/Pods-Daydream.release.xcconfig"; sourceTree = "<group>"; };
		35BB11CB5A171934921E51F1 /* Pods_Daydream.framework */ = {isa = PBXFileReference; explicitFileType = wrapper.framework; includeInIndex = 0; path = Pods_Daydream.framework; sourceTree = BUILT_PRODUCTS_DIR; };
		7CF615F1B0F8AF65A624CDBF /* Pods-Daydream.debug.xcconfig */ = {isa = PBXFileReference; includeInIndex = 1; lastKnownFileType = text.xcconfig; name = "Pods-Daydream.debug.xcconfig"; path = "Pods/Target Support Files/Pods-Daydream/Pods-Daydream.debug.xcconfig"; sourceTree = "<group>"; };
		94380AC4203BAE1D00684863 /* Daydream.app */ = {isa = PBXFileReference; explicitFileType = wrapper.application; includeInIndex = 0; path = Daydream.app; sourceTree = BUILT_PRODUCTS_DIR; };
		94380AC7203BAE1D00684863 /* AppDelegate.swift */ = {isa = PBXFileReference; lastKnownFileType = sourcecode.swift; path = AppDelegate.swift; sourceTree = "<group>"; };
		94380AC9203BAE1D00684863 /* SearchViewController.swift */ = {isa = PBXFileReference; lastKnownFileType = sourcecode.swift; path = SearchViewController.swift; sourceTree = "<group>"; };
		94380ACC203BAE1D00684863 /* Base */ = {isa = PBXFileReference; lastKnownFileType = file.storyboard; name = Base; path = Base.lproj/Main.storyboard; sourceTree = "<group>"; };
		94380ACE203BAE1D00684863 /* Assets.xcassets */ = {isa = PBXFileReference; lastKnownFileType = folder.assetcatalog; path = Assets.xcassets; sourceTree = "<group>"; };
		94380AD1203BAE1D00684863 /* Base */ = {isa = PBXFileReference; lastKnownFileType = file.storyboard; name = Base; path = Base.lproj/LaunchScreen.storyboard; sourceTree = "<group>"; };
		94380AD3203BAE1D00684863 /* Info.plist */ = {isa = PBXFileReference; lastKnownFileType = text.plist.xml; path = Info.plist; sourceTree = "<group>"; };
		949630B9203BCBBD007139CA /* SearchDetailViewController.swift */ = {isa = PBXFileReference; lastKnownFileType = sourcecode.swift; path = SearchDetailViewController.swift; sourceTree = "<group>"; };
/* End PBXFileReference section */

/* Begin PBXFrameworksBuildPhase section */
		94380AC1203BAE1D00684863 /* Frameworks */ = {
			isa = PBXFrameworksBuildPhase;
			buildActionMask = 2147483647;
			files = (
				1798BE5CF61FDC04CA194644 /* Pods_Daydream.framework in Frameworks */,
			);
			runOnlyForDeploymentPostprocessing = 0;
		};
/* End PBXFrameworksBuildPhase section */

/* Begin PBXGroup section */
		16D2AFFF8EADF7C12E01E00C /* Frameworks */ = {
			isa = PBXGroup;
			children = (
				35BB11CB5A171934921E51F1 /* Pods_Daydream.framework */,
			);
			name = Frameworks;
			sourceTree = "<group>";
		};
		94380ABB203BAE1D00684863 = {
			isa = PBXGroup;
			children = (
				94380AC6203BAE1D00684863 /* Daydream */,
				94380AC5203BAE1D00684863 /* Products */,
				C82D49DAB7A4A35EC3FA2142 /* Pods */,
				16D2AFFF8EADF7C12E01E00C /* Frameworks */,
			);
			sourceTree = "<group>";
		};
		94380AC5203BAE1D00684863 /* Products */ = {
			isa = PBXGroup;
			children = (
				94380AC4203BAE1D00684863 /* Daydream.app */,
			);
			name = Products;
			sourceTree = "<group>";
		};
		94380AC6203BAE1D00684863 /* Daydream */ = {
			isa = PBXGroup;
			children = (
				94380AC7203BAE1D00684863 /* AppDelegate.swift */,
				94380AC9203BAE1D00684863 /* SearchViewController.swift */,
				949630B9203BCBBD007139CA /* SearchDetailViewController.swift */,
				94380ACB203BAE1D00684863 /* Main.storyboard */,
				94380ACE203BAE1D00684863 /* Assets.xcassets */,
				94380AD0203BAE1D00684863 /* LaunchScreen.storyboard */,
				94380AD3203BAE1D00684863 /* Info.plist */,
			);
			path = Daydream;
			sourceTree = "<group>";
		};
		C82D49DAB7A4A35EC3FA2142 /* Pods */ = {
			isa = PBXGroup;
			children = (
				7CF615F1B0F8AF65A624CDBF /* Pods-Daydream.debug.xcconfig */,
				275E3DD2282C7EA762CA98E6 /* Pods-Daydream.release.xcconfig */,
			);
			name = Pods;
			sourceTree = "<group>";
		};
/* End PBXGroup section */

/* Begin PBXNativeTarget section */
		94380AC3203BAE1D00684863 /* Daydream */ = {
			isa = PBXNativeTarget;
			buildConfigurationList = 94380AD6203BAE1D00684863 /* Build configuration list for PBXNativeTarget "Daydream" */;
			buildPhases = (
				D6A2015AAA6AF20C92D43CDC /* [CP] Check Pods Manifest.lock */,
				94380AC0203BAE1D00684863 /* Sources */,
				94380AC1203BAE1D00684863 /* Frameworks */,
				94380AC2203BAE1D00684863 /* Resources */,
				2C1A16EE59777786F623EDDF /* [CP] Embed Pods Frameworks */,
				8007B826663EE312D427A181 /* [CP] Copy Pods Resources */,
			);
			buildRules = (
			);
			dependencies = (
			);
			name = Daydream;
			productName = Daydream;
			productReference = 94380AC4203BAE1D00684863 /* Daydream.app */;
			productType = "com.apple.product-type.application";
		};
/* End PBXNativeTarget section */

/* Begin PBXProject section */
		94380ABC203BAE1D00684863 /* Project object */ = {
			isa = PBXProject;
			attributes = {
				LastSwiftUpdateCheck = 0920;
				LastUpgradeCheck = 0920;
				ORGANIZATIONNAME = "Raymond Kim";
				TargetAttributes = {
					94380AC3203BAE1D00684863 = {
						CreatedOnToolsVersion = 9.2;
						ProvisioningStyle = Automatic;
					};
				};
			};
			buildConfigurationList = 94380ABF203BAE1D00684863 /* Build configuration list for PBXProject "Daydream" */;
			compatibilityVersion = "Xcode 8.0";
			developmentRegion = en;
			hasScannedForEncodings = 0;
			knownRegions = (
				en,
				Base,
			);
			mainGroup = 94380ABB203BAE1D00684863;
			productRefGroup = 94380AC5203BAE1D00684863 /* Products */;
			projectDirPath = "";
			projectRoot = "";
			targets = (
				94380AC3203BAE1D00684863 /* Daydream */,
			);
		};
/* End PBXProject section */

/* Begin PBXResourcesBuildPhase section */
		94380AC2203BAE1D00684863 /* Resources */ = {
			isa = PBXResourcesBuildPhase;
			buildActionMask = 2147483647;
			files = (
				94380AD2203BAE1D00684863 /* LaunchScreen.storyboard in Resources */,
				94380ACF203BAE1D00684863 /* Assets.xcassets in Resources */,
				94380ACD203BAE1D00684863 /* Main.storyboard in Resources */,
			);
			runOnlyForDeploymentPostprocessing = 0;
		};
/* End PBXResourcesBuildPhase section */

/* Begin PBXShellScriptBuildPhase section */
		2C1A16EE59777786F623EDDF /* [CP] Embed Pods Frameworks */ = {
			isa = PBXShellScriptBuildPhase;
			buildActionMask = 2147483647;
			files = (
			);
			inputPaths = (
				"${SRCROOT}/Pods/Target Support Files/Pods-Daydream/Pods-Daydream-frameworks.sh",
				"${BUILT_PRODUCTS_DIR}/MBProgressHUD/MBProgressHUD.framework",
			);
			name = "[CP] Embed Pods Frameworks";
			outputPaths = (
				"${TARGET_BUILD_DIR}/${FRAMEWORKS_FOLDER_PATH}/MBProgressHUD.framework",
			);
			runOnlyForDeploymentPostprocessing = 0;
			shellPath = /bin/sh;
			shellScript = "\"${SRCROOT}/Pods/Target Support Files/Pods-Daydream/Pods-Daydream-frameworks.sh\"\n";
			showEnvVarsInLog = 0;
		};
		8007B826663EE312D427A181 /* [CP] Copy Pods Resources */ = {
			isa = PBXShellScriptBuildPhase;
			buildActionMask = 2147483647;
			files = (
			);
			inputPaths = (
				"${SRCROOT}/Pods/Target Support Files/Pods-Daydream/Pods-Daydream-resources.sh",
				"${PODS_ROOT}/GoogleMaps/Maps/Frameworks/GoogleMaps.framework/Resources/GoogleMaps.bundle",
				"${PODS_ROOT}/GooglePlaces/Frameworks/GooglePlaces.framework/Resources/GooglePlaces.bundle",
			);
			name = "[CP] Copy Pods Resources";
			outputPaths = (
				"${TARGET_BUILD_DIR}/${UNLOCALIZED_RESOURCES_FOLDER_PATH}/GoogleMaps.bundle",
				"${TARGET_BUILD_DIR}/${UNLOCALIZED_RESOURCES_FOLDER_PATH}/GooglePlaces.bundle",
			);
			runOnlyForDeploymentPostprocessing = 0;
			shellPath = /bin/sh;
			shellScript = "\"${SRCROOT}/Pods/Target Support Files/Pods-Daydream/Pods-Daydream-resources.sh\"\n";
			showEnvVarsInLog = 0;
		};
		D6A2015AAA6AF20C92D43CDC /* [CP] Check Pods Manifest.lock */ = {
			isa = PBXShellScriptBuildPhase;
			buildActionMask = 2147483647;
			files = (
			);
			inputPaths = (
				"${PODS_PODFILE_DIR_PATH}/Podfile.lock",
				"${PODS_ROOT}/Manifest.lock",
			);
			name = "[CP] Check Pods Manifest.lock";
			outputPaths = (
				"$(DERIVED_FILE_DIR)/Pods-Daydream-checkManifestLockResult.txt",
			);
			runOnlyForDeploymentPostprocessing = 0;
			shellPath = /bin/sh;
			shellScript = "diff \"${PODS_PODFILE_DIR_PATH}/Podfile.lock\" \"${PODS_ROOT}/Manifest.lock\" > /dev/null\nif [ $? != 0 ] ; then\n    # print error to STDERR\n    echo \"error: The sandbox is not in sync with the Podfile.lock. Run 'pod install' or update your CocoaPods installation.\" >&2\n    exit 1\nfi\n# This output is used by Xcode 'outputs' to avoid re-running this script phase.\necho \"SUCCESS\" > \"${SCRIPT_OUTPUT_FILE_0}\"\n";
			showEnvVarsInLog = 0;
		};
/* End PBXShellScriptBuildPhase section */

/* Begin PBXSourcesBuildPhase section */
		94380AC0203BAE1D00684863 /* Sources */ = {
			isa = PBXSourcesBuildPhase;
			buildActionMask = 2147483647;
			files = (
				94380ACA203BAE1D00684863 /* SearchViewController.swift in Sources */,
				949630BA203BCBBD007139CA /* SearchDetailViewController.swift in Sources */,
				94380AC8203BAE1D00684863 /* AppDelegate.swift in Sources */,
			);
			runOnlyForDeploymentPostprocessing = 0;
		};
/* End PBXSourcesBuildPhase section */

/* Begin PBXVariantGroup section */
		94380ACB203BAE1D00684863 /* Main.storyboard */ = {
			isa = PBXVariantGroup;
			children = (
				94380ACC203BAE1D00684863 /* Base */,
			);
			name = Main.storyboard;
			sourceTree = "<group>";
		};
		94380AD0203BAE1D00684863 /* LaunchScreen.storyboard */ = {
			isa = PBXVariantGroup;
			children = (
				94380AD1203BAE1D00684863 /* Base */,
			);
			name = LaunchScreen.storyboard;
			sourceTree = "<group>";
		};
/* End PBXVariantGroup section */

/* Begin XCBuildConfiguration section */
		94380AD4203BAE1D00684863 /* Debug */ = {
			isa = XCBuildConfiguration;
			buildSettings = {
				ALWAYS_SEARCH_USER_PATHS = NO;
				CLANG_ANALYZER_NONNULL = YES;
				CLANG_ANALYZER_NUMBER_OBJECT_CONVERSION = YES_AGGRESSIVE;
				CLANG_CXX_LANGUAGE_STANDARD = "gnu++14";
				CLANG_CXX_LIBRARY = "libc++";
				CLANG_ENABLE_MODULES = YES;
				CLANG_ENABLE_OBJC_ARC = YES;
				CLANG_WARN_BLOCK_CAPTURE_AUTORELEASING = YES;
				CLANG_WARN_BOOL_CONVERSION = YES;
				CLANG_WARN_COMMA = YES;
				CLANG_WARN_CONSTANT_CONVERSION = YES;
				CLANG_WARN_DIRECT_OBJC_ISA_USAGE = YES_ERROR;
				CLANG_WARN_DOCUMENTATION_COMMENTS = YES;
				CLANG_WARN_EMPTY_BODY = YES;
				CLANG_WARN_ENUM_CONVERSION = YES;
				CLANG_WARN_INFINITE_RECURSION = YES;
				CLANG_WARN_INT_CONVERSION = YES;
				CLANG_WARN_NON_LITERAL_NULL_CONVERSION = YES;
				CLANG_WARN_OBJC_LITERAL_CONVERSION = YES;
				CLANG_WARN_OBJC_ROOT_CLASS = YES_ERROR;
				CLANG_WARN_RANGE_LOOP_ANALYSIS = YES;
				CLANG_WARN_STRICT_PROTOTYPES = YES;
				CLANG_WARN_SUSPICIOUS_MOVE = YES;
				CLANG_WARN_UNGUARDED_AVAILABILITY = YES_AGGRESSIVE;
				CLANG_WARN_UNREACHABLE_CODE = YES;
				CLANG_WARN__DUPLICATE_METHOD_MATCH = YES;
				CODE_SIGN_IDENTITY = "iPhone Developer";
				COPY_PHASE_STRIP = NO;
				DEBUG_INFORMATION_FORMAT = dwarf;
				ENABLE_STRICT_OBJC_MSGSEND = YES;
				ENABLE_TESTABILITY = YES;
				GCC_C_LANGUAGE_STANDARD = gnu11;
				GCC_DYNAMIC_NO_PIC = NO;
				GCC_NO_COMMON_BLOCKS = YES;
				GCC_OPTIMIZATION_LEVEL = 0;
				GCC_PREPROCESSOR_DEFINITIONS = (
					"DEBUG=1",
					"$(inherited)",
				);
				GCC_WARN_64_TO_32_BIT_CONVERSION = YES;
				GCC_WARN_ABOUT_RETURN_TYPE = YES_ERROR;
				GCC_WARN_UNDECLARED_SELECTOR = YES;
				GCC_WARN_UNINITIALIZED_AUTOS = YES_AGGRESSIVE;
				GCC_WARN_UNUSED_FUNCTION = YES;
				GCC_WARN_UNUSED_VARIABLE = YES;
				IPHONEOS_DEPLOYMENT_TARGET = 11.2;
				MTL_ENABLE_DEBUG_INFO = YES;
				ONLY_ACTIVE_ARCH = YES;
				SDKROOT = iphoneos;
				SWIFT_ACTIVE_COMPILATION_CONDITIONS = DEBUG;
				SWIFT_OPTIMIZATION_LEVEL = "-Onone";
			};
			name = Debug;
		};
		94380AD5203BAE1D00684863 /* Release */ = {
			isa = XCBuildConfiguration;
			buildSettings = {
				ALWAYS_SEARCH_USER_PATHS = NO;
				CLANG_ANALYZER_NONNULL = YES;
				CLANG_ANALYZER_NUMBER_OBJECT_CONVERSION = YES_AGGRESSIVE;
				CLANG_CXX_LANGUAGE_STANDARD = "gnu++14";
				CLANG_CXX_LIBRARY = "libc++";
				CLANG_ENABLE_MODULES = YES;
				CLANG_ENABLE_OBJC_ARC = YES;
				CLANG_WARN_BLOCK_CAPTURE_AUTORELEASING = YES;
				CLANG_WARN_BOOL_CONVERSION = YES;
				CLANG_WARN_COMMA = YES;
				CLANG_WARN_CONSTANT_CONVERSION = YES;
				CLANG_WARN_DIRECT_OBJC_ISA_USAGE = YES_ERROR;
				CLANG_WARN_DOCUMENTATION_COMMENTS = YES;
				CLANG_WARN_EMPTY_BODY = YES;
				CLANG_WARN_ENUM_CONVERSION = YES;
				CLANG_WARN_INFINITE_RECURSION = YES;
				CLANG_WARN_INT_CONVERSION = YES;
				CLANG_WARN_NON_LITERAL_NULL_CONVERSION = YES;
				CLANG_WARN_OBJC_LITERAL_CONVERSION = YES;
				CLANG_WARN_OBJC_ROOT_CLASS = YES_ERROR;
				CLANG_WARN_RANGE_LOOP_ANALYSIS = YES;
				CLANG_WARN_STRICT_PROTOTYPES = YES;
				CLANG_WARN_SUSPICIOUS_MOVE = YES;
				CLANG_WARN_UNGUARDED_AVAILABILITY = YES_AGGRESSIVE;
				CLANG_WARN_UNREACHABLE_CODE = YES;
				CLANG_WARN__DUPLICATE_METHOD_MATCH = YES;
				CODE_SIGN_IDENTITY = "iPhone Developer";
				COPY_PHASE_STRIP = NO;
				DEBUG_INFORMATION_FORMAT = "dwarf-with-dsym";
				ENABLE_NS_ASSERTIONS = NO;
				ENABLE_STRICT_OBJC_MSGSEND = YES;
				GCC_C_LANGUAGE_STANDARD = gnu11;
				GCC_NO_COMMON_BLOCKS = YES;
				GCC_WARN_64_TO_32_BIT_CONVERSION = YES;
				GCC_WARN_ABOUT_RETURN_TYPE = YES_ERROR;
				GCC_WARN_UNDECLARED_SELECTOR = YES;
				GCC_WARN_UNINITIALIZED_AUTOS = YES_AGGRESSIVE;
				GCC_WARN_UNUSED_FUNCTION = YES;
				GCC_WARN_UNUSED_VARIABLE = YES;
				IPHONEOS_DEPLOYMENT_TARGET = 11.2;
				MTL_ENABLE_DEBUG_INFO = NO;
				SDKROOT = iphoneos;
				SWIFT_OPTIMIZATION_LEVEL = "-Owholemodule";
				VALIDATE_PRODUCT = YES;
			};
			name = Release;
		};
		94380AD7203BAE1D00684863 /* Debug */ = {
			isa = XCBuildConfiguration;
			baseConfigurationReference = 7CF615F1B0F8AF65A624CDBF /* Pods-Daydream.debug.xcconfig */;
			buildSettings = {
				ASSETCATALOG_COMPILER_APPICON_NAME = AppIcon;
				CODE_SIGN_STYLE = Automatic;
				DEVELOPMENT_TEAM = 49BZEB79BF;
				INFOPLIST_FILE = Daydream/Info.plist;
				LD_RUNPATH_SEARCH_PATHS = "$(inherited) @executable_path/Frameworks";
				PRODUCT_BUNDLE_IDENTIFIER = edu.self.Daydream;
				PRODUCT_NAME = "$(TARGET_NAME)";
				SWIFT_VERSION = 4.0;
				TARGETED_DEVICE_FAMILY = "1,2";
			};
			name = Debug;
		};
		94380AD8203BAE1D00684863 /* Release */ = {
			isa = XCBuildConfiguration;
			baseConfigurationReference = 275E3DD2282C7EA762CA98E6 /* Pods-Daydream.release.xcconfig */;
			buildSettings = {
				ASSETCATALOG_COMPILER_APPICON_NAME = AppIcon;
				CODE_SIGN_STYLE = Automatic;
				DEVELOPMENT_TEAM = 49BZEB79BF;
				INFOPLIST_FILE = Daydream/Info.plist;
				LD_RUNPATH_SEARCH_PATHS = "$(inherited) @executable_path/Frameworks";
				PRODUCT_BUNDLE_IDENTIFIER = edu.self.Daydream;
				PRODUCT_NAME = "$(TARGET_NAME)";
				SWIFT_VERSION = 4.0;
				TARGETED_DEVICE_FAMILY = "1,2";
			};
			name = Release;
		};
/* End XCBuildConfiguration section */

/* Begin XCConfigurationList section */
		94380ABF203BAE1D00684863 /* Build configuration list for PBXProject "Daydream" */ = {
			isa = XCConfigurationList;
			buildConfigurations = (
				94380AD4203BAE1D00684863 /* Debug */,
				94380AD5203BAE1D00684863 /* Release */,
			);
			defaultConfigurationIsVisible = 0;
			defaultConfigurationName = Release;
		};
		94380AD6203BAE1D00684863 /* Build configuration list for PBXNativeTarget "Daydream" */ = {
			isa = XCConfigurationList;
			buildConfigurations = (
				94380AD7203BAE1D00684863 /* Debug */,
				94380AD8203BAE1D00684863 /* Release */,
			);
			defaultConfigurationIsVisible = 0;
			defaultConfigurationName = Release;
		};
/* End XCConfigurationList section */
	};
	rootObject = 94380ABC203BAE1D00684863 /* Project object */;
}
